{
  "requires": true,
  "lockfileVersion": 1,
  "dependencies": {
    "@types/geojson": {
      "version": "0.0.32",
      "resolved": "https://registry.npmjs.org/@types/geojson/-/geojson-0.0.32.tgz",
      "integrity": "sha1-FXHurwRTN7JChSiF8I2alF4cyUA="
    },
    "@types/node": {
      "version": "7.0.52",
      "resolved": "https://registry.npmjs.org/@types/node/-/node-7.0.52.tgz",
      "integrity": "sha512-jjpyQsKGsOF/wUElNjfPULk+d8PKvJOIXk3IUeBYYmNCy5dMWfrI+JiixYNw8ppKOlcRwWTXFl0B+i5oGrf95Q=="
    },
    "deep-slice": {
      "version": "1.1.4",
      "resolved": "https://registry.npmjs.org/deep-slice/-/deep-slice-1.1.4.tgz",
      "integrity": "sha1-oCGkIC5KZDBq2+LshaGDRjDh3Js="
    },
    "geojson-writer": {
      "version": "0.3.6",
      "resolved": "https://registry.npmjs.org/geojson-writer/-/geojson-writer-0.3.6.tgz",
      "integrity": "sha1-II5+fcIAa4aPwtZNQGnvxQaIMew=",
      "requires": {
        "@types/geojson": "0.0.32",
        "@types/node": "7.0.52",
        "deep-slice": "1.1.4"
      }
    }
  }
}
